
Microsoft Visual Studio Solution File, Format Version 12.00
# Visual Studio Version 17
VisualStudioVersion = 17.10.35027.167
MinimumVisualStudioVersion = 10.0.40219.1
Project("{9A19103F-16F7-4668-BE54-9A1E7A4F7556}") = "OsVSNOs", "OsVSNOs.csproj", "{A142F14A-87A6-48AE-A4FD-0C719EE5A1A7}"
EndProject
Global
	GlobalSection(SolutionConfigurationPlatforms) = preSolution
		Debug|Any CPU = Debug|Any CPU
		Release|Any CPU = Release|Any CPU
	EndGlobalSection
	GlobalSection(ProjectConfigurationPlatforms) = postSolution
		{A142F14A-87A6-48AE-A4FD-0C719EE5A1A7}.Debug|Any CPU.ActiveCfg = Debug|Any CPU
		{A142F14A-87A6-48AE-A4FD-0C719EE5A1A7}.Debug|Any CPU.Build.0 = Debug|Any CPU
		{A142F14A-87A6-48AE-A4FD-0C719EE5A1A7}.Release|Any CPU.ActiveCfg = Release|Any CPU
		{A142F14A-87A6-48AE-A4FD-0C719EE5A1A7}.Release|Any CPU.Build.0 = Release|Any CPU
	EndGlobalSection
	GlobalSection(SolutionProperties) = preSolution
		HideSolutionNode = FALSE
	EndGlobalSection
	GlobalSection(ExtensibilityGlobals) = postSolution
		SolutionGuid = {433CCF71-3D8F-4D7C-B4E6-0A9E130E41DE}
	EndGlobalSection
EndGlobal
